// !$*UTF8*$!
{
	archiveVersion = 1;
	classes = {
	};
	objectVersion = 56;
	objects = {

/* Begin PBXBuildFile section */
		D41930A62911009D00EDED94 /* SplashScreen.swift in Sources */ = {isa = PBXBuildFile; fileRef = D41930A52911009D00EDED94 /* SplashScreen.swift */; };
		D41930A8291100E300EDED94 /* privacy policy.swift in Sources */ = {isa = PBXBuildFile; fileRef = D41930A7291100E300EDED94 /* privacy policy.swift */; };
		D41930AA2911011A00EDED94 /* Delete account.swift in Sources */ = {isa = PBXBuildFile; fileRef = D41930A92911011A00EDED94 /* Delete account.swift */; };
		D41930AC2911014100EDED94 /* SwiftUIView.swift in Sources */ = {isa = PBXBuildFile; fileRef = D41930AB2911014100EDED94 /* SwiftUIView.swift */; };
		D41930AE2911016800EDED94 /* forget password.swift in Sources */ = {isa = PBXBuildFile; fileRef = D41930AD2911016800EDED94 /* forget password.swift */; };
		D4548476290A923D00C3F5A3 /* Challenge1App.swift in Sources */ = {isa = PBXBuildFile; fileRef = D4548475290A923D00C3F5A3 /* Challenge1App.swift */; };
		D4548478290A923D00C3F5A3 /* ContentView.swift in Sources */ = {isa = PBXBuildFile; fileRef = D4548477290A923D00C3F5A3 /* ContentView.swift */; };
		D454847A290A923D00C3F5A3 /* Assets.xcassets in Resources */ = {isa = PBXBuildFile; fileRef = D4548479290A923D00C3F5A3 /* Assets.xcassets */; };
		D454847D290A923D00C3F5A3 /* Preview Assets.xcassets in Resources */ = {isa = PBXBuildFile; fileRef = D454847C290A923D00C3F5A3 /* Preview Assets.xcassets */; };
		D4548484290A949800C3F5A3 /* loginPage.swift in Sources */ = {isa = PBXBuildFile; fileRef = D4548483290A949800C3F5A3 /* loginPage.swift */; };
		D4548486290A94E700C3F5A3 /* signupPage.swift in Sources */ = {isa = PBXBuildFile; fileRef = D4548485290A94E700C3F5A3 /* signupPage.swift */; };
		D4548488290A97D800C3F5A3 /* homePage.swift in Sources */ = {isa = PBXBuildFile; fileRef = D4548487290A97D800C3F5A3 /* homePage.swift */; };
		D454848A290AACC800C3F5A3 /* profilePage.swift in Sources */ = {isa = PBXBuildFile; fileRef = D4548489290AACC800C3F5A3 /* profilePage.swift */; };
		D454848C290C127D00C3F5A3 /* editProfile.swift in Sources */ = {isa = PBXBuildFile; fileRef = D454848B290C127D00C3F5A3 /* editProfile.swift */; };
		D454848E290C1E1000C3F5A3 /* settingsPage.swift in Sources */ = {isa = PBXBuildFile; fileRef = D454848D290C1E1000C3F5A3 /* settingsPage.swift */; };
		D4548490290C216000C3F5A3 /* addFriend.swift in Sources */ = {isa = PBXBuildFile; fileRef = D454848F290C216000C3F5A3 /* addFriend.swift */; };
		D45841F8290D665B009A6D3D /* FriendList.swift in Sources */ = {isa = PBXBuildFile; fileRef = D45841F7290D665B009A6D3D /* FriendList.swift */; };
		D45841FA290D8132009A6D3D /* RemainderList.swift in Sources */ = {isa = PBXBuildFile; fileRef = D45841F9290D8132009A6D3D /* RemainderList.swift */; };
		D45841FC290E7895009A6D3D /* user.swift in Sources */ = {isa = PBXBuildFile; fileRef = D45841FB290E7895009A6D3D /* user.swift */; };
		D45841FE290E7F93009A6D3D /* forgetPass.swift in Sources */ = {isa = PBXBuildFile; fileRef = D45841FD290E7F93009A6D3D /* forgetPass.swift */; };
		D458420A290EB50B009A6D3D /* startPage.swift in Sources */ = {isa = PBXBuildFile; fileRef = D4584209290EB50B009A6D3D /* startPage.swift */; };
		D458420E290EBC66009A6D3D /* remindersNotification.swift in Sources */ = {isa = PBXBuildFile; fileRef = D458420D290EBC66009A6D3D /* remindersNotification.swift */; };
		D4D4DB09290FCF90006F3194 /* friendProfile.swift in Sources */ = {isa = PBXBuildFile; fileRef = D4D4DB08290FCF90006F3194 /* friendProfile.swift */; };
/* End PBXBuildFile section */

/* Begin PBXFileReference section */
		D41930A52911009D00EDED94 /* SplashScreen.swift */ = {isa = PBXFileReference; lastKnownFileType = sourcecode.swift; path = SplashScreen.swift; sourceTree = "<group>"; };
		D41930A7291100E300EDED94 /* privacy policy.swift */ = {isa = PBXFileReference; lastKnownFileType = sourcecode.swift; path = "privacy policy.swift"; sourceTree = "<group>"; };
		D41930A92911011A00EDED94 /* Delete account.swift */ = {isa = PBXFileReference; lastKnownFileType = sourcecode.swift; path = "Delete account.swift"; sourceTree = "<group>"; };
		D41930AB2911014100EDED94 /* SwiftUIView.swift */ = {isa = PBXFileReference; lastKnownFileType = sourcecode.swift; path = SwiftUIView.swift; sourceTree = "<group>"; };
		D41930AD2911016800EDED94 /* forget password.swift */ = {isa = PBXFileReference; lastKnownFileType = sourcecode.swift; path = "forget password.swift"; sourceTree = "<group>"; };
		D4548472290A923D00C3F5A3 /* Challenge1.app */ = {isa = PBXFileReference; explicitFileType = wrapper.application; includeInIndex = 0; path = Challenge1.app; sourceTree = BUILT_PRODUCTS_DIR; };
		D4548475290A923D00C3F5A3 /* Challenge1App.swift */ = {isa = PBXFileReference; lastKnownFileType = sourcecode.swift; path = Challenge1App.swift; sourceTree = "<group>"; };
		D4548477290A923D00C3F5A3 /* ContentView.swift */ = {isa = PBXFileReference; lastKnownFileType = sourcecode.swift; path = ContentView.swift; sourceTree = "<group>"; };
		D4548479290A923D00C3F5A3 /* Assets.xcassets */ = {isa = PBXFileReference; lastKnownFileType = folder.assetcatalog; path = Assets.xcassets; sourceTree = "<group>"; };
		D454847C290A923D00C3F5A3 /* Preview Assets.xcassets */ = {isa = PBXFileReference; lastKnownFileType = folder.assetcatalog; path = "Preview Assets.xcassets"; sourceTree = "<group>"; };
		D4548483290A949800C3F5A3 /* loginPage.swift */ = {isa = PBXFileReference; lastKnownFileType = sourcecode.swift; path = loginPage.swift; sourceTree = "<group>"; };
		D4548485290A94E700C3F5A3 /* signupPage.swift */ = {isa = PBXFileReference; lastKnownFileType = sourcecode.swift; path = signupPage.swift; sourceTree = "<group>"; };
		D4548487290A97D800C3F5A3 /* homePage.swift */ = {isa = PBXFileReference; lastKnownFileType = sourcecode.swift; path = homePage.swift; sourceTree = "<group>"; };
		D4548489290AACC800C3F5A3 /* profilePage.swift */ = {isa = PBXFileReference; lastKnownFileType = sourcecode.swift; path = profilePage.swift; sourceTree = "<group>"; };
		D454848B290C127D00C3F5A3 /* editProfile.swift */ = {isa = PBXFileReference; lastKnownFileType = sourcecode.swift; path = editProfile.swift; sourceTree = "<group>"; };
		D454848D290C1E1000C3F5A3 /* settingsPage.swift */ = {isa = PBXFileReference; lastKnownFileType = sourcecode.swift; path = settingsPage.swift; sourceTree = "<group>"; };
		D454848F290C216000C3F5A3 /* addFriend.swift */ = {isa = PBXFileReference; lastKnownFileType = sourcecode.swift; path = addFriend.swift; sourceTree = "<group>"; };
		D45841F7290D665B009A6D3D /* FriendList.swift */ = {isa = PBXFileReference; lastKnownFileType = sourcecode.swift; path = FriendList.swift; sourceTree = "<group>"; };
		D45841F9290D8132009A6D3D /* RemainderList.swift */ = {isa = PBXFileReference; lastKnownFileType = sourcecode.swift; path = RemainderList.swift; sourceTree = "<group>"; };
		D45841FB290E7895009A6D3D /* user.swift */ = {isa = PBXFileReference; lastKnownFileType = sourcecode.swift; path = user.swift; sourceTree = "<group>"; };
		D45841FD290E7F93009A6D3D /* forgetPass.swift */ = {isa = PBXFileReference; lastKnownFileType = sourcecode.swift; path = forgetPass.swift; sourceTree = "<group>"; };
		D4584209290EB50B009A6D3D /* startPage.swift */ = {isa = PBXFileReference; lastKnownFileType = sourcecode.swift; path = startPage.swift; sourceTree = "<group>"; };
		D458420D290EBC66009A6D3D /* remindersNotification.swift */ = {isa = PBXFileReference; lastKnownFileType = sourcecode.swift; path = remindersNotification.swift; sourceTree = "<group>"; };
		D4D4DB08290FCF90006F3194 /* friendProfile.swift */ = {isa = PBXFileReference; lastKnownFileType = sourcecode.swift; path = friendProfile.swift; sourceTree = "<group>"; };
/* End PBXFileReference section */

/* Begin PBXFrameworksBuildPhase section */
		D454846F290A923D00C3F5A3 /* Frameworks */ = {
			isa = PBXFrameworksBuildPhase;
			buildActionMask = 2147483647;
			files = (
			);
			runOnlyForDeploymentPostprocessing = 0;
		};
/* End PBXFrameworksBuildPhase section */

/* Begin PBXGroup section */
		D4548469290A923D00C3F5A3 = {
			isa = PBXGroup;
			children = (
				D4548474290A923D00C3F5A3 /* Challenge1 */,
				D4548473290A923D00C3F5A3 /* Products */,
			);
			sourceTree = "<group>";
		};
		D4548473290A923D00C3F5A3 /* Products */ = {
			isa = PBXGroup;
			children = (
				D4548472290A923D00C3F5A3 /* Challenge1.app */,
			);
			name = Products;
			sourceTree = "<group>";
		};
		D4548474290A923D00C3F5A3 /* Challenge1 */ = {
			isa = PBXGroup;
			children = (
				D4548475290A923D00C3F5A3 /* Challenge1App.swift */,
				D4548477290A923D00C3F5A3 /* ContentView.swift */,
				D4584209290EB50B009A6D3D /* startPage.swift */,
				D4548483290A949800C3F5A3 /* loginPage.swift */,
				D41930A52911009D00EDED94 /* SplashScreen.swift */,
				D41930A92911011A00EDED94 /* Delete account.swift */,
				D4548485290A94E700C3F5A3 /* signupPage.swift */,
				D41930A7291100E300EDED94 /* privacy policy.swift */,
				D45841FD290E7F93009A6D3D /* forgetPass.swift */,
				D454848D290C1E1000C3F5A3 /* settingsPage.swift */,
				D454848B290C127D00C3F5A3 /* editProfile.swift */,
				D41930AB2911014100EDED94 /* SwiftUIView.swift */,
				D41930AD2911016800EDED94 /* forget password.swift */,
				D454848F290C216000C3F5A3 /* addFriend.swift */,
				D4548487290A97D800C3F5A3 /* homePage.swift */,
				D4D4DB08290FCF90006F3194 /* friendProfile.swift */,
				D4548489290AACC800C3F5A3 /* profilePage.swift */,
				D45841FB290E7895009A6D3D /* user.swift */,
				D45841F9290D8132009A6D3D /* RemainderList.swift */,
				D45841F7290D665B009A6D3D /* FriendList.swift */,
				D458420D290EBC66009A6D3D /* remindersNotification.swift */,
				D4548479290A923D00C3F5A3 /* Assets.xcassets */,
				D454847B290A923D00C3F5A3 /* Preview Content */,
			);
			path = Challenge1;
			sourceTree = "<group>";
		};
		D454847B290A923D00C3F5A3 /* Preview Content */ = {
			isa = PBXGroup;
			children = (
				D454847C290A923D00C3F5A3 /* Preview Assets.xcassets */,
			);
			path = "Preview Content";
			sourceTree = "<group>";
		};
/* End PBXGroup section */

/* Begin PBXNativeTarget section */
		D4548471290A923D00C3F5A3 /* Challenge1 */ = {
			isa = PBXNativeTarget;
			buildConfigurationList = D4548480290A923D00C3F5A3 /* Build configuration list for PBXNativeTarget "Challenge1" */;
			buildPhases = (
				D454846E290A923D00C3F5A3 /* Sources */,
				D454846F290A923D00C3F5A3 /* Frameworks */,
				D4548470290A923D00C3F5A3 /* Resources */,
			);
			buildRules = (
			);
			dependencies = (
			);
			name = Challenge1;
			packageProductDependencies = (
			);
			productName = Challenge1;
			productReference = D4548472290A923D00C3F5A3 /* Challenge1.app */;
			productType = "com.apple.product-type.application";
		};
/* End PBXNativeTarget section */

/* Begin PBXProject section */
		D454846A290A923D00C3F5A3 /* Project object */ = {
			isa = PBXProject;
			attributes = {
				BuildIndependentTargetsInParallel = 1;
				LastSwiftUpdateCheck = 1400;
				LastUpgradeCheck = 1400;
				TargetAttributes = {
					D4548471290A923D00C3F5A3 = {
						CreatedOnToolsVersion = 14.0.1;
					};
				};
			};
			buildConfigurationList = D454846D290A923D00C3F5A3 /* Build configuration list for PBXProject "Challenge1" */;
			compatibilityVersion = "Xcode 14.0";
			developmentRegion = en;
			hasScannedForEncodings = 0;
			knownRegions = (
				en,
				Base,
			);
			mainGroup = D4548469290A923D00C3F5A3;
			packageReferences = (
			);
			productRefGroup = D4548473290A923D00C3F5A3 /* Products */;
			projectDirPath = "";
			projectRoot = "";
			targets = (
				D4548471290A923D00C3F5A3 /* Challenge1 */,
			);
		};
/* End PBXProject section */

/* Begin PBXResourcesBuildPhase section */
		D4548470290A923D00C3F5A3 /* Resources */ = {
			isa = PBXResourcesBuildPhase;
			buildActionMask = 2147483647;
			files = (
				D454847D290A923D00C3F5A3 /* Preview Assets.xcassets in Resources */,
				D454847A290A923D00C3F5A3 /* Assets.xcassets in Resources */,
			);
			runOnlyForDeploymentPostprocessing = 0;
		};
/* End PBXResourcesBuildPhase section */

/* Begin PBXSourcesBuildPhase section */
		D454846E290A923D00C3F5A3 /* Sources */ = {
			isa = PBXSourcesBuildPhase;
			buildActionMask = 2147483647;
			files = (
				D454848C290C127D00C3F5A3 /* editProfile.swift in Sources */,
				D45841F8290D665B009A6D3D /* FriendList.swift in Sources */,
				D4548488290A97D800C3F5A3 /* homePage.swift in Sources */,
				D4548478290A923D00C3F5A3 /* ContentView.swift in Sources */,
				D45841FE290E7F93009A6D3D /* forgetPass.swift in Sources */,
				D458420E290EBC66009A6D3D /* remindersNotification.swift in Sources */,
				D4D4DB09290FCF90006F3194 /* friendProfile.swift in Sources */,
				D454848E290C1E1000C3F5A3 /* settingsPage.swift in Sources */,
				D4548490290C216000C3F5A3 /* addFriend.swift in Sources */,
				D41930A62911009D00EDED94 /* SplashScreen.swift in Sources */,
				D45841FA290D8132009A6D3D /* RemainderList.swift in Sources */,
				D41930A8291100E300EDED94 /* privacy policy.swift in Sources */,
				D4548476290A923D00C3F5A3 /* Challenge1App.swift in Sources */,
				D41930AE2911016800EDED94 /* forget password.swift in Sources */,
				D41930AA2911011A00EDED94 /* Delete account.swift in Sources */,
				D41930AC2911014100EDED94 /* SwiftUIView.swift in Sources */,
				D45841FC290E7895009A6D3D /* user.swift in Sources */,
				D4548486290A94E700C3F5A3 /* signupPage.swift in Sources */,
				D454848A290AACC800C3F5A3 /* profilePage.swift in Sources */,
				D4548484290A949800C3F5A3 /* loginPage.swift in Sources */,
				D458420A290EB50B009A6D3D /* startPage.swift in Sources */,
			);
			runOnlyForDeploymentPostprocessing = 0;
		};
/* End PBXSourcesBuildPhase section */

/* Begin XCBuildConfiguration section */
		D454847E290A923D00C3F5A3 /* Debug */ = {
			isa = XCBuildConfiguration;
			buildSettings = {
				ALWAYS_SEARCH_USER_PATHS = NO;
				CLANG_ANALYZER_NONNULL = YES;
				CLANG_ANALYZER_NUMBER_OBJECT_CONVERSION = YES_AGGRESSIVE;
				CLANG_CXX_LANGUAGE_STANDARD = "gnu++20";
				CLANG_ENABLE_MODULES = YES;
				CLANG_ENABLE_OBJC_ARC = YES;
				CLANG_ENABLE_OBJC_WEAK = YES;
				CLANG_WARN_BLOCK_CAPTURE_AUTORELEASING = YES;
				CLANG_WARN_BOOL_CONVERSION = YES;
				CLANG_WARN_COMMA = YES;
				CLANG_WARN_CONSTANT_CONVERSION = YES;
				CLANG_WARN_DEPRECATED_OBJC_IMPLEMENTATIONS = YES;
				CLANG_WARN_DIRECT_OBJC_ISA_USAGE = YES_ERROR;
				CLANG_WARN_DOCUMENTATION_COMMENTS = YES;
				CLANG_WARN_EMPTY_BODY = YES;
				CLANG_WARN_ENUM_CONVERSION = YES;
				CLANG_WARN_INFINITE_RECURSION = YES;
				CLANG_WARN_INT_CONVERSION = YES;
				CLANG_WARN_NON_LITERAL_NULL_CONVERSION = YES;
				CLANG_WARN_OBJC_IMPLICIT_RETAIN_SELF = YES;
				CLANG_WARN_OBJC_LITERAL_CONVERSION = YES;
				CLANG_WARN_OBJC_ROOT_CLASS = YES_ERROR;
				CLANG_WARN_QUOTED_INCLUDE_IN_FRAMEWORK_HEADER = YES;
				CLANG_WARN_RANGE_LOOP_ANALYSIS = YES;
				CLANG_WARN_STRICT_PROTOTYPES = YES;
				CLANG_WARN_SUSPICIOUS_MOVE = YES;
				CLANG_WARN_UNGUARDED_AVAILABILITY = YES_AGGRESSIVE;
				CLANG_WARN_UNREACHABLE_CODE = YES;
				CLANG_WARN__DUPLICATE_METHOD_MATCH = YES;
				COPY_PHASE_STRIP = NO;
				DEBUG_INFORMATION_FORMAT = dwarf;
				ENABLE_STRICT_OBJC_MSGSEND = YES;
				ENABLE_TESTABILITY = YES;
				GCC_C_LANGUAGE_STANDARD = gnu11;
				GCC_DYNAMIC_NO_PIC = NO;
				GCC_NO_COMMON_BLOCKS = YES;
				GCC_OPTIMIZATION_LEVEL = 0;
				GCC_PREPROCESSOR_DEFINITIONS = (
					"DEBUG=1",
					"$(inherited)",
				);
				GCC_WARN_64_TO_32_BIT_CONVERSION = YES;
				GCC_WARN_ABOUT_RETURN_TYPE = YES_ERROR;
				GCC_WARN_UNDECLARED_SELECTOR = YES;
				GCC_WARN_UNINITIALIZED_AUTOS = YES_AGGRESSIVE;
				GCC_WARN_UNUSED_FUNCTION = YES;
				GCC_WARN_UNUSED_VARIABLE = YES;
				IPHONEOS_DEPLOYMENT_TARGET = 16.0;
				MTL_ENABLE_DEBUG_INFO = INCLUDE_SOURCE;
				MTL_FAST_MATH = YES;
				ONLY_ACTIVE_ARCH = YES;
				SDKROOT = iphoneos;
				SWIFT_ACTIVE_COMPILATION_CONDITIONS = DEBUG;
				SWIFT_OPTIMIZATION_LEVEL = "-Onone";
			};
			name = Debug;
		};
		D454847F290A923D00C3F5A3 /* Release */ = {
			isa = XCBuildConfiguration;
			buildSettings = {
				ALWAYS_SEARCH_USER_PATHS = NO;
				CLANG_ANALYZER_NONNULL = YES;
				CLANG_ANALYZER_NUMBER_OBJECT_CONVERSION = YES_AGGRESSIVE;
				CLANG_CXX_LANGUAGE_STANDARD = "gnu++20";
				CLANG_ENABLE_MODULES = YES;
				CLANG_ENABLE_OBJC_ARC = YES;
				CLANG_ENABLE_OBJC_WEAK = YES;
				CLANG_WARN_BLOCK_CAPTURE_AUTORELEASING = YES;
				CLANG_WARN_BOOL_CONVERSION = YES;
				CLANG_WARN_COMMA = YES;
				CLANG_WARN_CONSTANT_CONVERSION = YES;
				CLANG_WARN_DEPRECATED_OBJC_IMPLEMENTATIONS = YES;
				CLANG_WARN_DIRECT_OBJC_ISA_USAGE = YES_ERROR;
				CLANG_WARN_DOCUMENTATION_COMMENTS = YES;
				CLANG_WARN_EMPTY_BODY = YES;
				CLANG_WARN_ENUM_CONVERSION = YES;
				CLANG_WARN_INFINITE_RECURSION = YES;
				CLANG_WARN_INT_CONVERSION = YES;
				CLANG_WARN_NON_LITERAL_NULL_CONVERSION = YES;
				CLANG_WARN_OBJC_IMPLICIT_RETAIN_SELF = YES;
				CLANG_WARN_OBJC_LITERAL_CONVERSION = YES;
				CLANG_WARN_OBJC_ROOT_CLASS = YES_ERROR;
				CLANG_WARN_QUOTED_INCLUDE_IN_FRAMEWORK_HEADER = YES;
				CLANG_WARN_RANGE_LOOP_ANALYSIS = YES;
				CLANG_WARN_STRICT_PROTOTYPES = YES;
				CLANG_WARN_SUSPICIOUS_MOVE = YES;
				CLANG_WARN_UNGUARDED_AVAILABILITY = YES_AGGRESSIVE;
				CLANG_WARN_UNREACHABLE_CODE = YES;
				CLANG_WARN__DUPLICATE_METHOD_MATCH = YES;
				COPY_PHASE_STRIP = NO;
				DEBUG_INFORMATION_FORMAT = "dwarf-with-dsym";
				ENABLE_NS_ASSERTIONS = NO;
				ENABLE_STRICT_OBJC_MSGSEND = YES;
				GCC_C_LANGUAGE_STANDARD = gnu11;
				GCC_NO_COMMON_BLOCKS = YES;
				GCC_WARN_64_TO_32_BIT_CONVERSION = YES;
				GCC_WARN_ABOUT_RETURN_TYPE = YES_ERROR;
				GCC_WARN_UNDECLARED_SELECTOR = YES;
				GCC_WARN_UNINITIALIZED_AUTOS = YES_AGGRESSIVE;
				GCC_WARN_UNUSED_FUNCTION = YES;
				GCC_WARN_UNUSED_VARIABLE = YES;
				IPHONEOS_DEPLOYMENT_TARGET = 16.0;
				MTL_ENABLE_DEBUG_INFO = NO;
				MTL_FAST_MATH = YES;
				SDKROOT = iphoneos;
				SWIFT_COMPILATION_MODE = wholemodule;
				SWIFT_OPTIMIZATION_LEVEL = "-O";
				VALIDATE_PRODUCT = YES;
			};
			name = Release;
		};
		D4548481290A923D00C3F5A3 /* Debug */ = {
			isa = XCBuildConfiguration;
			buildSettings = {
				ASSETCATALOG_COMPILER_APPICON_NAME = AppIcon;
				ASSETCATALOG_COMPILER_GLOBAL_ACCENT_COLOR_NAME = AccentColor;
				CODE_SIGN_STYLE = Automatic;
				CURRENT_PROJECT_VERSION = 1;
				DEVELOPMENT_ASSET_PATHS = "\"Challenge1/Preview Content\"";
				DEVELOPMENT_TEAM = KX287ZLHJH;
				ENABLE_PREVIEWS = YES;
				GENERATE_INFOPLIST_FILE = YES;
				INFOPLIST_KEY_UIApplicationSceneManifest_Generation = YES;
				INFOPLIST_KEY_UIApplicationSupportsIndirectInputEvents = YES;
				INFOPLIST_KEY_UILaunchScreen_Generation = YES;
				INFOPLIST_KEY_UISupportedInterfaceOrientations_iPad = "UIInterfaceOrientationPortrait UIInterfaceOrientationPortraitUpsideDown UIInterfaceOrientationLandscapeLeft UIInterfaceOrientationLandscapeRight";
				INFOPLIST_KEY_UISupportedInterfaceOrientations_iPhone = "UIInterfaceOrientationPortrait UIInterfaceOrientationLandscapeLeft UIInterfaceOrientationLandscapeRight";
				LD_RUNPATH_SEARCH_PATHS = (
					"$(inherited)",
					"@executable_path/Frameworks",
				);
				MARKETING_VERSION = 1.0;
				PRODUCT_BUNDLE_IDENTIFIER = com.example.Challenge1;
				PRODUCT_NAME = "$(TARGET_NAME)";
				SWIFT_EMIT_LOC_STRINGS = YES;
				SWIFT_VERSION = 5.0;
				TARGETED_DEVICE_FAMILY = "1,2";
			};
			name = Debug;
		};
		D4548482290A923D00C3F5A3 /* Release */ = {
			isa = XCBuildConfiguration;
			buildSettings = {
				ASSETCATALOG_COMPILER_APPICON_NAME = AppIcon;
				ASSETCATALOG_COMPILER_GLOBAL_ACCENT_COLOR_NAME = AccentColor;
				CODE_SIGN_STYLE = Automatic;
				CURRENT_PROJECT_VERSION = 1;
				DEVELOPMENT_ASSET_PATHS = "\"Challenge1/Preview Content\"";
				DEVELOPMENT_TEAM = KX287ZLHJH;
				ENABLE_PREVIEWS = YES;
				GENERATE_INFOPLIST_FILE = YES;
				INFOPLIST_KEY_UIApplicationSceneManifest_Generation = YES;
				INFOPLIST_KEY_UIApplicationSupportsIndirectInputEvents = YES;
				INFOPLIST_KEY_UILaunchScreen_Generation = YES;
				INFOPLIST_KEY_UISupportedInterfaceOrientations_iPad = "UIInterfaceOrientationPortrait UIInterfaceOrientationPortraitUpsideDown UIInterfaceOrientationLandscapeLeft UIInterfaceOrientationLandscapeRight";
				INFOPLIST_KEY_UISupportedInterfaceOrientations_iPhone = "UIInterfaceOrientationPortrait UIInterfaceOrientationLandscapeLeft UIInterfaceOrientationLandscapeRight";
				LD_RUNPATH_SEARCH_PATHS = (
					"$(inherited)",
					"@executable_path/Frameworks",
				);
				MARKETING_VERSION = 1.0;
				PRODUCT_BUNDLE_IDENTIFIER = com.example.Challenge1;
				PRODUCT_NAME = "$(TARGET_NAME)";
				SWIFT_EMIT_LOC_STRINGS = YES;
				SWIFT_VERSION = 5.0;
				TARGETED_DEVICE_FAMILY = "1,2";
			};
			name = Release;
		};
/* End XCBuildConfiguration section */

/* Begin XCConfigurationList section */
		D454846D290A923D00C3F5A3 /* Build configuration list for PBXProject "Challenge1" */ = {
			isa = XCConfigurationList;
			buildConfigurations = (
				D454847E290A923D00C3F5A3 /* Debug */,
				D454847F290A923D00C3F5A3 /* Release */,
			);
			defaultConfigurationIsVisible = 0;
			defaultConfigurationName = Release;
		};
		D4548480290A923D00C3F5A3 /* Build configuration list for PBXNativeTarget "Challenge1" */ = {
			isa = XCConfigurationList;
			buildConfigurations = (
				D4548481290A923D00C3F5A3 /* Debug */,
				D4548482290A923D00C3F5A3 /* Release */,
			);
			defaultConfigurationIsVisible = 0;
			defaultConfigurationName = Release;
		};
/* End XCConfigurationList section */
	};
	rootObject = D454846A290A923D00C3F5A3 /* Project object */;
}
